// !$*UTF8*$!
{
	archiveVersion = 1;
	classes = {
	};
	objectVersion = 56;
	objects = {

/* Begin PBXBuildFile section */
		84EB493E2AE11738006AC2AE /* AppDelegate.swift in Sources */ = {isa = PBXBuildFile; fileRef = 84EB493D2AE11738006AC2AE /* AppDelegate.swift */; };
		84EB49402AE11738006AC2AE /* SceneDelegate.swift in Sources */ = {isa = PBXBuildFile; fileRef = 84EB493F2AE11738006AC2AE /* SceneDelegate.swift */; };
		84EB49422AE11738006AC2AE /* ViewController.swift in Sources */ = {isa = PBXBuildFile; fileRef = 84EB49412AE11738006AC2AE /* ViewController.swift */; };
		84EB49452AE11738006AC2AE /* Main.storyboard in Resources */ = {isa = PBXBuildFile; fileRef = 84EB49432AE11738006AC2AE /* Main.storyboard */; };
		84EB49472AE1173A006AC2AE /* Assets.xcassets in Resources */ = {isa = PBXBuildFile; fileRef = 84EB49462AE1173A006AC2AE /* Assets.xcassets */; };
		84EB494A2AE1173A006AC2AE /* LaunchScreen.storyboard in Resources */ = {isa = PBXBuildFile; fileRef = 84EB49482AE1173A006AC2AE /* LaunchScreen.storyboard */; };
		84EB49522AE1176C006AC2AE /* CollegeRankChart.swift in Sources */ = {isa = PBXBuildFile; fileRef = 84EB49512AE1176C006AC2AE /* CollegeRankChart.swift */; };
		84EB49552AE1243A006AC2AE /* UBase in Frameworks */ = {isa = PBXBuildFile; productRef = 84EB49542AE1243A006AC2AE /* UBase */; };
		84EB49572AE2539D006AC2AE /* CollegeRankLineChart.swift in Sources */ = {isa = PBXBuildFile; fileRef = 84EB49562AE2539D006AC2AE /* CollegeRankLineChart.swift */; };
/* End PBXBuildFile section */

/* Begin PBXFileReference section */
		84EB493A2AE11738006AC2AE /* UCharts.app */ = {isa = PBXFileReference; explicitFileType = wrapper.application; includeInIndex = 0; path = UCharts.app; sourceTree = BUILT_PRODUCTS_DIR; };
		84EB493D2AE11738006AC2AE /* AppDelegate.swift */ = {isa = PBXFileReference; lastKnownFileType = sourcecode.swift; path = AppDelegate.swift; sourceTree = "<group>"; };
		84EB493F2AE11738006AC2AE /* SceneDelegate.swift */ = {isa = PBXFileReference; lastKnownFileType = sourcecode.swift; path = SceneDelegate.swift; sourceTree = "<group>"; };
		84EB49412AE11738006AC2AE /* ViewController.swift */ = {isa = PBXFileReference; lastKnownFileType = sourcecode.swift; path = ViewController.swift; sourceTree = "<group>"; };
		84EB49442AE11738006AC2AE /* Base */ = {isa = PBXFileReference; lastKnownFileType = file.storyboard; name = Base; path = Base.lproj/Main.storyboard; sourceTree = "<group>"; };
		84EB49462AE1173A006AC2AE /* Assets.xcassets */ = {isa = PBXFileReference; lastKnownFileType = folder.assetcatalog; path = Assets.xcassets; sourceTree = "<group>"; };
		84EB49492AE1173A006AC2AE /* Base */ = {isa = PBXFileReference; lastKnownFileType = file.storyboard; name = Base; path = Base.lproj/LaunchScreen.storyboard; sourceTree = "<group>"; };
		84EB494B2AE1173A006AC2AE /* Info.plist */ = {isa = PBXFileReference; lastKnownFileType = text.plist.xml; path = Info.plist; sourceTree = "<group>"; };
		84EB49512AE1176C006AC2AE /* CollegeRankChart.swift */ = {isa = PBXFileReference; lastKnownFileType = sourcecode.swift; path = CollegeRankChart.swift; sourceTree = "<group>"; };
		84EB49562AE2539D006AC2AE /* CollegeRankLineChart.swift */ = {isa = PBXFileReference; lastKnownFileType = sourcecode.swift; path = CollegeRankLineChart.swift; sourceTree = "<group>"; };
/* End PBXFileReference section */

/* Begin PBXFrameworksBuildPhase section */
		84EB49372AE11738006AC2AE /* Frameworks */ = {
			isa = PBXFrameworksBuildPhase;
			buildActionMask = 2147483647;
			files = (
				84EB49552AE1243A006AC2AE /* UBase in Frameworks */,
			);
			runOnlyForDeploymentPostprocessing = 0;
		};
/* End PBXFrameworksBuildPhase section */

/* Begin PBXGroup section */
		84EB49312AE11738006AC2AE = {
			isa = PBXGroup;
			children = (
				84EB493C2AE11738006AC2AE /* UCharts */,
				84EB493B2AE11738006AC2AE /* Products */,
			);
			sourceTree = "<group>";
		};
		84EB493B2AE11738006AC2AE /* Products */ = {
			isa = PBXGroup;
			children = (
				84EB493A2AE11738006AC2AE /* UCharts.app */,
			);
			name = Products;
			sourceTree = "<group>";
		};
		84EB493C2AE11738006AC2AE /* UCharts */ = {
			isa = PBXGroup;
			children = (
				84EB493D2AE11738006AC2AE /* AppDelegate.swift */,
				84EB493F2AE11738006AC2AE /* SceneDelegate.swift */,
				84EB49412AE11738006AC2AE /* ViewController.swift */,
				84EB49512AE1176C006AC2AE /* CollegeRankChart.swift */,
				84EB49562AE2539D006AC2AE /* CollegeRankLineChart.swift */,
				84EB49432AE11738006AC2AE /* Main.storyboard */,
				84EB49462AE1173A006AC2AE /* Assets.xcassets */,
				84EB49482AE1173A006AC2AE /* LaunchScreen.storyboard */,
				84EB494B2AE1173A006AC2AE /* Info.plist */,
			);
			path = UCharts;
			sourceTree = "<group>";
		};
/* End PBXGroup section */

/* Begin PBXNativeTarget section */
		84EB49392AE11738006AC2AE /* UCharts */ = {
			isa = PBXNativeTarget;
			buildConfigurationList = 84EB494E2AE1173A006AC2AE /* Build configuration list for PBXNativeTarget "UCharts" */;
			buildPhases = (
				84EB49362AE11738006AC2AE /* Sources */,
				84EB49372AE11738006AC2AE /* Frameworks */,
				84EB49382AE11738006AC2AE /* Resources */,
			);
			buildRules = (
			);
			dependencies = (
			);
			name = UCharts;
			packageProductDependencies = (
				84EB49542AE1243A006AC2AE /* UBase */,
			);
			productName = UCharts;
			productReference = 84EB493A2AE11738006AC2AE /* UCharts.app */;
			productType = "com.apple.product-type.application";
		};
/* End PBXNativeTarget section */

/* Begin PBXProject section */
		84EB49322AE11738006AC2AE /* Project object */ = {
			isa = PBXProject;
			attributes = {
				BuildIndependentTargetsInParallel = 1;
				LastSwiftUpdateCheck = 1430;
				LastUpgradeCheck = 1430;
				TargetAttributes = {
					84EB49392AE11738006AC2AE = {
						CreatedOnToolsVersion = 14.3.1;
					};
				};
			};
			buildConfigurationList = 84EB49352AE11738006AC2AE /* Build configuration list for PBXProject "UCharts" */;
			compatibilityVersion = "Xcode 14.0";
			developmentRegion = en;
			hasScannedForEncodings = 0;
			knownRegions = (
				en,
				Base,
			);
			mainGroup = 84EB49312AE11738006AC2AE;
			packageReferences = (
				84EB49532AE1243A006AC2AE /* XCRemoteSwiftPackageReference "UBase" */,
			);
			productRefGroup = 84EB493B2AE11738006AC2AE /* Products */;
			projectDirPath = "";
			projectRoot = "";
			targets = (
				84EB49392AE11738006AC2AE /* UCharts */,
			);
		};
/* End PBXProject section */

/* Begin PBXResourcesBuildPhase section */
		84EB49382AE11738006AC2AE /* Resources */ = {
			isa = PBXResourcesBuildPhase;
			buildActionMask = 2147483647;
			files = (
				84EB494A2AE1173A006AC2AE /* LaunchScreen.storyboard in Resources */,
				84EB49472AE1173A006AC2AE /* Assets.xcassets in Resources */,
				84EB49452AE11738006AC2AE /* Main.storyboard in Resources */,
			);
			runOnlyForDeploymentPostprocessing = 0;
		};
/* End PBXResourcesBuildPhase section */

/* Begin PBXSourcesBuildPhase section */
		84EB49362AE11738006AC2AE /* Sources */ = {
			isa = PBXSourcesBuildPhase;
			buildActionMask = 2147483647;
			files = (
				84EB49422AE11738006AC2AE /* ViewController.swift in Sources */,
				84EB493E2AE11738006AC2AE /* AppDelegate.swift in Sources */,
				84EB49522AE1176C006AC2AE /* CollegeRankChart.swift in Sources */,
				84EB49402AE11738006AC2AE /* SceneDelegate.swift in Sources */,
				84EB49572AE2539D006AC2AE /* CollegeRankLineChart.swift in Sources */,
			);
			runOnlyForDeploymentPostprocessing = 0;
		};
/* End PBXSourcesBuildPhase section */

/* Begin PBXVariantGroup section */
		84EB49432AE11738006AC2AE /* Main.storyboard */ = {
			isa = PBXVariantGroup;
			children = (
				84EB49442AE11738006AC2AE /* Base */,
			);
			name = Main.storyboard;
			sourceTree = "<group>";
		};
		84EB49482AE1173A006AC2AE /* LaunchScreen.storyboard */ = {
			isa = PBXVariantGroup;
			children = (
				84EB49492AE1173A006AC2AE /* Base */,
			);
			name = LaunchScreen.storyboard;
			sourceTree = "<group>";
		};
/* End PBXVariantGroup section */

/* Begin XCBuildConfiguration section */
		84EB494C2AE1173A006AC2AE /* Debug */ = {
			isa = XCBuildConfiguration;
			buildSettings = {
				ALWAYS_SEARCH_USER_PATHS = NO;
				CLANG_ANALYZER_NONNULL = YES;
				CLANG_ANALYZER_NUMBER_OBJECT_CONVERSION = YES_AGGRESSIVE;
				CLANG_CXX_LANGUAGE_STANDARD = "gnu++20";
				CLANG_ENABLE_MODULES = YES;
				CLANG_ENABLE_OBJC_ARC = YES;
				CLANG_ENABLE_OBJC_WEAK = YES;
				CLANG_WARN_BLOCK_CAPTURE_AUTORELEASING = YES;
				CLANG_WARN_BOOL_CONVERSION = YES;
				CLANG_WARN_COMMA = YES;
				CLANG_WARN_CONSTANT_CONVERSION = YES;
				CLANG_WARN_DEPRECATED_OBJC_IMPLEMENTATIONS = YES;
				CLANG_WARN_DIRECT_OBJC_ISA_USAGE = YES_ERROR;
				CLANG_WARN_DOCUMENTATION_COMMENTS = YES;
				CLANG_WARN_EMPTY_BODY = YES;
				CLANG_WARN_ENUM_CONVERSION = YES;
				CLANG_WARN_INFINITE_RECURSION = YES;
				CLANG_WARN_INT_CONVERSION = YES;
				CLANG_WARN_NON_LITERAL_NULL_CONVERSION = YES;
				CLANG_WARN_OBJC_IMPLICIT_RETAIN_SELF = YES;
				CLANG_WARN_OBJC_LITERAL_CONVERSION = YES;
				CLANG_WARN_OBJC_ROOT_CLASS = YES_ERROR;
				CLANG_WARN_QUOTED_INCLUDE_IN_FRAMEWORK_HEADER = YES;
				CLANG_WARN_RANGE_LOOP_ANALYSIS = YES;
				CLANG_WARN_STRICT_PROTOTYPES = YES;
				CLANG_WARN_SUSPICIOUS_MOVE = YES;
				CLANG_WARN_UNGUARDED_AVAILABILITY = YES_AGGRESSIVE;
				CLANG_WARN_UNREACHABLE_CODE = YES;
				CLANG_WARN__DUPLICATE_METHOD_MATCH = YES;
				COPY_PHASE_STRIP = NO;
				DEBUG_INFORMATION_FORMAT = dwarf;
				ENABLE_STRICT_OBJC_MSGSEND = YES;
				ENABLE_TESTABILITY = YES;
				GCC_C_LANGUAGE_STANDARD = gnu11;
				GCC_DYNAMIC_NO_PIC = NO;
				GCC_NO_COMMON_BLOCKS = YES;
				GCC_OPTIMIZATION_LEVEL = 0;
				GCC_PREPROCESSOR_DEFINITIONS = (
					"DEBUG=1",
					"$(inherited)",
				);
				GCC_WARN_64_TO_32_BIT_CONVERSION = YES;
				GCC_WARN_ABOUT_RETURN_TYPE = YES_ERROR;
				GCC_WARN_UNDECLARED_SELECTOR = YES;
				GCC_WARN_UNINITIALIZED_AUTOS = YES_AGGRESSIVE;
				GCC_WARN_UNUSED_FUNCTION = YES;
				GCC_WARN_UNUSED_VARIABLE = YES;
				IPHONEOS_DEPLOYMENT_TARGET = 16.4;
				MTL_ENABLE_DEBUG_INFO = INCLUDE_SOURCE;
				MTL_FAST_MATH = YES;
				ONLY_ACTIVE_ARCH = YES;
				SDKROOT = iphoneos;
				SWIFT_ACTIVE_COMPILATION_CONDITIONS = DEBUG;
				SWIFT_OPTIMIZATION_LEVEL = "-Onone";
			};
			name = Debug;
		};
		84EB494D2AE1173A006AC2AE /* Release */ = {
			isa = XCBuildConfiguration;
			buildSettings = {
				ALWAYS_SEARCH_USER_PATHS = NO;
				CLANG_ANALYZER_NONNULL = YES;
				CLANG_ANALYZER_NUMBER_OBJECT_CONVERSION = YES_AGGRESSIVE;
				CLANG_CXX_LANGUAGE_STANDARD = "gnu++20";
				CLANG_ENABLE_MODULES = YES;
				CLANG_ENABLE_OBJC_ARC = YES;
				CLANG_ENABLE_OBJC_WEAK = YES;
				CLANG_WARN_BLOCK_CAPTURE_AUTORELEASING = YES;
				CLANG_WARN_BOOL_CONVERSION = YES;
				CLANG_WARN_COMMA = YES;
				CLANG_WARN_CONSTANT_CONVERSION = YES;
				CLANG_WARN_DEPRECATED_OBJC_IMPLEMENTATIONS = YES;
				CLANG_WARN_DIRECT_OBJC_ISA_USAGE = YES_ERROR;
				CLANG_WARN_DOCUMENTATION_COMMENTS = YES;
				CLANG_WARN_EMPTY_BODY = YES;
				CLANG_WARN_ENUM_CONVERSION = YES;
				CLANG_WARN_INFINITE_RECURSION = YES;
				CLANG_WARN_INT_CONVERSION = YES;
				CLANG_WARN_NON_LITERAL_NULL_CONVERSION = YES;
				CLANG_WARN_OBJC_IMPLICIT_RETAIN_SELF = YES;
				CLANG_WARN_OBJC_LITERAL_CONVERSION = YES;
				CLANG_WARN_OBJC_ROOT_CLASS = YES_ERROR;
				CLANG_WARN_QUOTED_INCLUDE_IN_FRAMEWORK_HEADER = YES;
				CLANG_WARN_RANGE_LOOP_ANALYSIS = YES;
				CLANG_WARN_STRICT_PROTOTYPES = YES;
				CLANG_WARN_SUSPICIOUS_MOVE = YES;
				CLANG_WARN_UNGUARDED_AVAILABILITY = YES_AGGRESSIVE;
				CLANG_WARN_UNREACHABLE_CODE = YES;
				CLANG_WARN__DUPLICATE_METHOD_MATCH = YES;
				COPY_PHASE_STRIP = NO;
				DEBUG_INFORMATION_FORMAT = "dwarf-with-dsym";
				ENABLE_NS_ASSERTIONS = NO;
				ENABLE_STRICT_OBJC_MSGSEND = YES;
				GCC_C_LANGUAGE_STANDARD = gnu11;
				GCC_NO_COMMON_BLOCKS = YES;
				GCC_WARN_64_TO_32_BIT_CONVERSION = YES;
				GCC_WARN_ABOUT_RETURN_TYPE = YES_ERROR;
				GCC_WARN_UNDECLARED_SELECTOR = YES;
				GCC_WARN_UNINITIALIZED_AUTOS = YES_AGGRESSIVE;
				GCC_WARN_UNUSED_FUNCTION = YES;
				GCC_WARN_UNUSED_VARIABLE = YES;
				IPHONEOS_DEPLOYMENT_TARGET = 16.4;
				MTL_ENABLE_DEBUG_INFO = NO;
				MTL_FAST_MATH = YES;
				SDKROOT = iphoneos;
				SWIFT_COMPILATION_MODE = wholemodule;
				SWIFT_OPTIMIZATION_LEVEL = "-O";
				VALIDATE_PRODUCT = YES;
			};
			name = Release;
		};
		84EB494F2AE1173A006AC2AE /* Debug */ = {
			isa = XCBuildConfiguration;
			buildSettings = {
				ASSETCATALOG_COMPILER_APPICON_NAME = AppIcon;
				ASSETCATALOG_COMPILER_GLOBAL_ACCENT_COLOR_NAME = AccentColor;
				CODE_SIGN_STYLE = Automatic;
				CURRENT_PROJECT_VERSION = 1;
				DEVELOPMENT_TEAM = 4WM659594V;
				GENERATE_INFOPLIST_FILE = YES;
				INFOPLIST_FILE = UCharts/Info.plist;
				INFOPLIST_KEY_UIApplicationSupportsIndirectInputEvents = YES;
				INFOPLIST_KEY_UILaunchStoryboardName = LaunchScreen;
				INFOPLIST_KEY_UIMainStoryboardFile = Main;
				INFOPLIST_KEY_UISupportedInterfaceOrientations_iPad = "UIInterfaceOrientationPortrait UIInterfaceOrientationPortraitUpsideDown UIInterfaceOrientationLandscapeLeft UIInterfaceOrientationLandscapeRight";
				INFOPLIST_KEY_UISupportedInterfaceOrientations_iPhone = "UIInterfaceOrientationPortrait UIInterfaceOrientationLandscapeLeft UIInterfaceOrientationLandscapeRight";
				LD_RUNPATH_SEARCH_PATHS = (
					"$(inherited)",
					"@executable_path/Frameworks",
				);
				MARKETING_VERSION = 1.0;
				PRODUCT_BUNDLE_IDENTIFIER = com.eagersoft.UCharts;
				PRODUCT_NAME = "$(TARGET_NAME)";
				SWIFT_EMIT_LOC_STRINGS = YES;
				SWIFT_VERSION = 5.0;
				TARGETED_DEVICE_FAMILY = "1,2";
			};
			name = Debug;
		};
		84EB49502AE1173A006AC2AE /* Release */ = {
			isa = XCBuildConfiguration;
			buildSettings = {
				ASSETCATALOG_COMPILER_APPICON_NAME = AppIcon;
				ASSETCATALOG_COMPILER_GLOBAL_ACCENT_COLOR_NAME = AccentColor;
				CODE_SIGN_STYLE = Automatic;
				CURRENT_PROJECT_VERSION = 1;
				DEVELOPMENT_TEAM = 4WM659594V;
				GENERATE_INFOPLIST_FILE = YES;
				INFOPLIST_FILE = UCharts/Info.plist;
				INFOPLIST_KEY_UIApplicationSupportsIndirectInputEvents = YES;
				INFOPLIST_KEY_UILaunchStoryboardName = LaunchScreen;
				INFOPLIST_KEY_UIMainStoryboardFile = Main;
				INFOPLIST_KEY_UISupportedInterfaceOrientations_iPad = "UIInterfaceOrientationPortrait UIInterfaceOrientationPortraitUpsideDown UIInterfaceOrientationLandscapeLeft UIInterfaceOrientationLandscapeRight";
				INFOPLIST_KEY_UISupportedInterfaceOrientations_iPhone = "UIInterfaceOrientationPortrait UIInterfaceOrientationLandscapeLeft UIInterfaceOrientationLandscapeRight";
				LD_RUNPATH_SEARCH_PATHS = (
					"$(inherited)",
					"@executable_path/Frameworks",
				);
				MARKETING_VERSION = 1.0;
				PRODUCT_BUNDLE_IDENTIFIER = com.eagersoft.UCharts;
				PRODUCT_NAME = "$(TARGET_NAME)";
				SWIFT_EMIT_LOC_STRINGS = YES;
				SWIFT_VERSION = 5.0;
				TARGETED_DEVICE_FAMILY = "1,2";
			};
			name = Release;
		};
/* End XCBuildConfiguration section */

/* Begin XCConfigurationList section */
		84EB49352AE11738006AC2AE /* Build configuration list for PBXProject "UCharts" */ = {
			isa = XCConfigurationList;
			buildConfigurations = (
				84EB494C2AE1173A006AC2AE /* Debug */,
				84EB494D2AE1173A006AC2AE /* Release */,
			);
			defaultConfigurationIsVisible = 0;
			defaultConfigurationName = Release;
		};
		84EB494E2AE1173A006AC2AE /* Build configuration list for PBXNativeTarget "UCharts" */ = {
			isa = XCConfigurationList;
			buildConfigurations = (
				84EB494F2AE1173A006AC2AE /* Debug */,
				84EB49502AE1173A006AC2AE /* Release */,
			);
			defaultConfigurationIsVisible = 0;
			defaultConfigurationName = Release;
		};
/* End XCConfigurationList section */

/* Begin XCRemoteSwiftPackageReference section */
		84EB49532AE1243A006AC2AE /* XCRemoteSwiftPackageReference "UBase" */ = {
			isa = XCRemoteSwiftPackageReference;
			repositoryURL = "http://gitlab.youzy.cn/ios-framework/UBase.git";
			requirement = {
				kind = upToNextMajorVersion;
				minimumVersion = 0.5.5;
			};
		};
/* End XCRemoteSwiftPackageReference section */

/* Begin XCSwiftPackageProductDependency section */
		84EB49542AE1243A006AC2AE /* UBase */ = {
			isa = XCSwiftPackageProductDependency;
			package = 84EB49532AE1243A006AC2AE /* XCRemoteSwiftPackageReference "UBase" */;
			productName = UBase;
		};
/* End XCSwiftPackageProductDependency section */
	};
	rootObject = 84EB49322AE11738006AC2AE /* Project object */;
}
